
Microsoft Visual Studio Solution File, Format Version 12.00
# Visual Studio Version 17
VisualStudioVersion = 17.7.34024.191
MinimumVisualStudioVersion = 10.0.40219.1
Project("{FAE04EC0-301F-11D3-BF4B-00C04F79EFBC}") = "HelloWorld", "HelloWorld.csproj", "{400CD836-397F-4362-95D1-45DD49DDAADF}"
EndProject
Global
	GlobalSection(SolutionConfigurationPlatforms) = preSolution
		Debug|Any CPU = Debug|Any CPU
		Release|Any CPU = Release|Any CPU
	EndGlobalSection
	GlobalSection(ProjectConfigurationPlatforms) = postSolution
		{400CD836-397F-4362-95D1-45DD49DDAADF}.Debug|Any CPU.ActiveCfg = Debug|Any CPU
		{400CD836-397F-4362-95D1-45DD49DDAADF}.Debug|Any CPU.Build.0 = Debug|Any CPU
		{400CD836-397F-4362-95D1-45DD49DDAADF}.Release|Any CPU.ActiveCfg = Release|Any CPU
		{400CD836-397F-4362-95D1-45DD49DDAADF}.Release|Any CPU.Build.0 = Release|Any CPU
	EndGlobalSection
	GlobalSection(SolutionProperties) = preSolution
		HideSolutionNode = FALSE
	EndGlobalSection
	GlobalSection(ExtensibilityGlobals) = postSolution
		SolutionGuid = {55F68CC8-9B6B-43CA-BAC7-A63205C8B724}
	EndGlobalSection
EndGlobal
